
Microsoft Visual Studio Solution File, Format Version 12.00
# Visual Studio Version 17
VisualStudioVersion = 17.6.33829.357
MinimumVisualStudioVersion = 10.0.40219.1
Project("{FAE04EC0-301F-11D3-BF4B-00C04F79EFBC}") = "e.ShopSolution.WebApp", "e.ShopSolution.WebApp\e.ShopSolution.WebApp.csproj", "{F3C04D3F-DC12-4480-AE0D-B5E46D33A947}"
EndProject
Project("{FAE04EC0-301F-11D3-BF4B-00C04F79EFBC}") = "e.ShopSolution.Application", "e.ShopSolution.Application\e.ShopSolution.Application.csproj", "{E95BAE5B-795E-41D0-A81B-9293FCF20AA3}"
EndProject
Project("{FAE04EC0-301F-11D3-BF4B-00C04F79EFBC}") = "e.ShopSolution.Data", "e.ShopSolution.Data\e.ShopSolution.Data.csproj", "{7FB69BF5-C3C0-42DA-ADB4-C778B3BF03A2}"
EndProject
Global
	GlobalSection(SolutionConfigurationPlatforms) = preSolution
		Debug|Any CPU = Debug|Any CPU
		Release|Any CPU = Release|Any CPU
	EndGlobalSection
	GlobalSection(ProjectConfigurationPlatforms) = postSolution
		{F3C04D3F-DC12-4480-AE0D-B5E46D33A947}.Debug|Any CPU.ActiveCfg = Debug|Any CPU
		{F3C04D3F-DC12-4480-AE0D-B5E46D33A947}.Debug|Any CPU.Build.0 = Debug|Any CPU
		{F3C04D3F-DC12-4480-AE0D-B5E46D33A947}.Release|Any CPU.ActiveCfg = Release|Any CPU
		{F3C04D3F-DC12-4480-AE0D-B5E46D33A947}.Release|Any CPU.Build.0 = Release|Any CPU
		{E95BAE5B-795E-41D0-A81B-9293FCF20AA3}.Debug|Any CPU.ActiveCfg = Debug|Any CPU
		{E95BAE5B-795E-41D0-A81B-9293FCF20AA3}.Debug|Any CPU.Build.0 = Debug|Any CPU
		{E95BAE5B-795E-41D0-A81B-9293FCF20AA3}.Release|Any CPU.ActiveCfg = Release|Any CPU
		{E95BAE5B-795E-41D0-A81B-9293FCF20AA3}.Release|Any CPU.Build.0 = Release|Any CPU
		{7FB69BF5-C3C0-42DA-ADB4-C778B3BF03A2}.Debug|Any CPU.ActiveCfg = Debug|Any CPU
		{7FB69BF5-C3C0-42DA-ADB4-C778B3BF03A2}.Debug|Any CPU.Build.0 = Debug|Any CPU
		{7FB69BF5-C3C0-42DA-ADB4-C778B3BF03A2}.Release|Any CPU.ActiveCfg = Release|Any CPU
		{7FB69BF5-C3C0-42DA-ADB4-C778B3BF03A2}.Release|Any CPU.Build.0 = Release|Any CPU
	EndGlobalSection
	GlobalSection(SolutionProperties) = preSolution
		HideSolutionNode = FALSE
	EndGlobalSection
	GlobalSection(ExtensibilityGlobals) = postSolution
		SolutionGuid = {80AA6359-43BC-4957-A772-E738035B561C}
	EndGlobalSection
EndGlobal
